
Microsoft Visual Studio Solution File, Format Version 12.00
# Visual Studio Version 17
VisualStudioVersion = 17.4.33103.184
MinimumVisualStudioVersion = 10.0.40219.1
Project("{FAE04EC0-301F-11D3-BF4B-00C04F79EFBC}") = "Szyfr_cezara", "Szyfr_cezara.csproj", "{A976A162-E4BE-4A13-822A-265B0A0B8481}"
EndProject
Global
	GlobalSection(SolutionConfigurationPlatforms) = preSolution
		Debug|Any CPU = Debug|Any CPU
		Release|Any CPU = Release|Any CPU
	EndGlobalSection
	GlobalSection(ProjectConfigurationPlatforms) = postSolution
		{A976A162-E4BE-4A13-822A-265B0A0B8481}.Debug|Any CPU.ActiveCfg = Debug|Any CPU
		{A976A162-E4BE-4A13-822A-265B0A0B8481}.Debug|Any CPU.Build.0 = Debug|Any CPU
		{A976A162-E4BE-4A13-822A-265B0A0B8481}.Release|Any CPU.ActiveCfg = Release|Any CPU
		{A976A162-E4BE-4A13-822A-265B0A0B8481}.Release|Any CPU.Build.0 = Release|Any CPU
	EndGlobalSection
	GlobalSection(SolutionProperties) = preSolution
		HideSolutionNode = FALSE
	EndGlobalSection
	GlobalSection(ExtensibilityGlobals) = postSolution
		SolutionGuid = {96C8899D-0DA6-41A5-B1DF-EFB9259D33A0}
	EndGlobalSection
EndGlobal
